
Microsoft Visual Studio Solution File, Format Version 12.00
Project("{FAE04EC0-301F-11D3-BF4B-00C04F79EFBC}") = "Boilerplate.Identity.Jwt", "Boilerplate.Identity.Jwt\Boilerplate.Identity.Jwt.csproj", "{DFBEFD40-FC5B-4B1A-92C8-0928A881132B}"
EndProject
Project("{FAE04EC0-301F-11D3-BF4B-00C04F79EFBC}") = "Boilerplate.Api", "Boilerplate.Api\Boilerplate.Api.csproj", "{02723615-4CE8-4342-BD44-9974FB5E4CFA}"
EndProject
Global
	GlobalSection(SolutionConfigurationPlatforms) = preSolution
		Debug|Any CPU = Debug|Any CPU
		Release|Any CPU = Release|Any CPU
	EndGlobalSection
	GlobalSection(ProjectConfigurationPlatforms) = postSolution
		{DFBEFD40-FC5B-4B1A-92C8-0928A881132B}.Debug|Any CPU.ActiveCfg = Debug|Any CPU
		{DFBEFD40-FC5B-4B1A-92C8-0928A881132B}.Debug|Any CPU.Build.0 = Debug|Any CPU
		{DFBEFD40-FC5B-4B1A-92C8-0928A881132B}.Release|Any CPU.ActiveCfg = Release|Any CPU
		{DFBEFD40-FC5B-4B1A-92C8-0928A881132B}.Release|Any CPU.Build.0 = Release|Any CPU
		{02723615-4CE8-4342-BD44-9974FB5E4CFA}.Debug|Any CPU.ActiveCfg = Debug|Any CPU
		{02723615-4CE8-4342-BD44-9974FB5E4CFA}.Debug|Any CPU.Build.0 = Debug|Any CPU
		{02723615-4CE8-4342-BD44-9974FB5E4CFA}.Release|Any CPU.ActiveCfg = Release|Any CPU
		{02723615-4CE8-4342-BD44-9974FB5E4CFA}.Release|Any CPU.Build.0 = Release|Any CPU
	EndGlobalSection
EndGlobal
